
Microsoft Visual Studio Solution File, Format Version 12.00
# Visual Studio 15
VisualStudioVersion = 15.0.26124.0
MinimumVisualStudioVersion = 15.0.26124.0
Project("{2150E333-8FDC-42A3-9474-1A3956D46DE8}") = "src", "src", "{0A557B44-C054-4156-9D79-A45D7BE1FF02}"
EndProject
Project("{2150E333-8FDC-42A3-9474-1A3956D46DE8}") = "Services", "Services", "{9D265654-F8A8-41A1-89B7-127FDD522279}"
EndProject
Project("{FAE04EC0-301F-11D3-BF4B-00C04F79EFBC}") = "Darwin.Api", "src\Services\Darwin.Api\Darwin.Api.csproj", "{467A2874-2A32-4401-868B-0E110E8001AD}"
EndProject
Project("{FAE04EC0-301F-11D3-BF4B-00C04F79EFBC}") = "TcpGameServer.Contracts", "src\TcpGameServer.Contracts\TcpGameServer.Contracts.csproj", "{BACDF06A-42FD-4DC1-9251-1F005D72486F}"
EndProject
Project("{2150E333-8FDC-42A3-9474-1A3956D46DE8}") = "tests", "tests", "{C17D6E72-9B2A-4BE9-BDED-2DAA6D9718CD}"
EndProject
Project("{FAE04EC0-301F-11D3-BF4B-00C04F79EFBC}") = "GameLib.Tests", "tests\GameLib.Tests\GameLib.Tests.csproj", "{AFF289DE-B9E0-4D05-B77D-059A0A7EF395}"
EndProject
Project("{FAE04EC0-301F-11D3-BF4B-00C04F79EFBC}") = "WebSocketServer", "src\WebSocketServer\WebSocketServer.csproj", "{D63E39D1-C644-4E20-8C94-EDC2544110FC}"
EndProject
Project("{FAE04EC0-301F-11D3-BF4B-00C04F79EFBC}") = "Web", "src\Web\Web.csproj", "{62702F7D-7294-4FC8-8BFC-30A2A199FCCF}"
EndProject
Global
	GlobalSection(SolutionConfigurationPlatforms) = preSolution
		Debug|Any CPU = Debug|Any CPU
		Debug|x64 = Debug|x64
		Debug|x86 = Debug|x86
		Release|Any CPU = Release|Any CPU
		Release|x64 = Release|x64
		Release|x86 = Release|x86
	EndGlobalSection
	GlobalSection(SolutionProperties) = preSolution
		HideSolutionNode = FALSE
	EndGlobalSection
	GlobalSection(ProjectConfigurationPlatforms) = postSolution
		{467A2874-2A32-4401-868B-0E110E8001AD}.Debug|Any CPU.ActiveCfg = Debug|Any CPU
		{467A2874-2A32-4401-868B-0E110E8001AD}.Debug|Any CPU.Build.0 = Debug|Any CPU
		{467A2874-2A32-4401-868B-0E110E8001AD}.Debug|x64.ActiveCfg = Debug|x64
		{467A2874-2A32-4401-868B-0E110E8001AD}.Debug|x64.Build.0 = Debug|x64
		{467A2874-2A32-4401-868B-0E110E8001AD}.Debug|x86.ActiveCfg = Debug|x86
		{467A2874-2A32-4401-868B-0E110E8001AD}.Debug|x86.Build.0 = Debug|x86
		{467A2874-2A32-4401-868B-0E110E8001AD}.Release|Any CPU.ActiveCfg = Release|Any CPU
		{467A2874-2A32-4401-868B-0E110E8001AD}.Release|Any CPU.Build.0 = Release|Any CPU
		{467A2874-2A32-4401-868B-0E110E8001AD}.Release|x64.ActiveCfg = Release|x64
		{467A2874-2A32-4401-868B-0E110E8001AD}.Release|x64.Build.0 = Release|x64
		{467A2874-2A32-4401-868B-0E110E8001AD}.Release|x86.ActiveCfg = Release|x86
		{467A2874-2A32-4401-868B-0E110E8001AD}.Release|x86.Build.0 = Release|x86
		{BACDF06A-42FD-4DC1-9251-1F005D72486F}.Debug|Any CPU.ActiveCfg = Debug|Any CPU
		{BACDF06A-42FD-4DC1-9251-1F005D72486F}.Debug|Any CPU.Build.0 = Debug|Any CPU
		{BACDF06A-42FD-4DC1-9251-1F005D72486F}.Debug|x64.ActiveCfg = Debug|x64
		{BACDF06A-42FD-4DC1-9251-1F005D72486F}.Debug|x64.Build.0 = Debug|x64
		{BACDF06A-42FD-4DC1-9251-1F005D72486F}.Debug|x86.ActiveCfg = Debug|x86
		{BACDF06A-42FD-4DC1-9251-1F005D72486F}.Debug|x86.Build.0 = Debug|x86
		{BACDF06A-42FD-4DC1-9251-1F005D72486F}.Release|Any CPU.ActiveCfg = Release|Any CPU
		{BACDF06A-42FD-4DC1-9251-1F005D72486F}.Release|Any CPU.Build.0 = Release|Any CPU
		{BACDF06A-42FD-4DC1-9251-1F005D72486F}.Release|x64.ActiveCfg = Release|x64
		{BACDF06A-42FD-4DC1-9251-1F005D72486F}.Release|x64.Build.0 = Release|x64
		{BACDF06A-42FD-4DC1-9251-1F005D72486F}.Release|x86.ActiveCfg = Release|x86
		{BACDF06A-42FD-4DC1-9251-1F005D72486F}.Release|x86.Build.0 = Release|x86
		{AFF289DE-B9E0-4D05-B77D-059A0A7EF395}.Debug|Any CPU.ActiveCfg = Debug|Any CPU
		{AFF289DE-B9E0-4D05-B77D-059A0A7EF395}.Debug|Any CPU.Build.0 = Debug|Any CPU
		{AFF289DE-B9E0-4D05-B77D-059A0A7EF395}.Debug|x64.ActiveCfg = Debug|Any CPU
		{AFF289DE-B9E0-4D05-B77D-059A0A7EF395}.Debug|x64.Build.0 = Debug|Any CPU
		{AFF289DE-B9E0-4D05-B77D-059A0A7EF395}.Debug|x86.ActiveCfg = Debug|Any CPU
		{AFF289DE-B9E0-4D05-B77D-059A0A7EF395}.Debug|x86.Build.0 = Debug|Any CPU
		{AFF289DE-B9E0-4D05-B77D-059A0A7EF395}.Release|Any CPU.ActiveCfg = Release|Any CPU
		{AFF289DE-B9E0-4D05-B77D-059A0A7EF395}.Release|Any CPU.Build.0 = Release|Any CPU
		{AFF289DE-B9E0-4D05-B77D-059A0A7EF395}.Release|x64.ActiveCfg = Release|Any CPU
		{AFF289DE-B9E0-4D05-B77D-059A0A7EF395}.Release|x64.Build.0 = Release|Any CPU
		{AFF289DE-B9E0-4D05-B77D-059A0A7EF395}.Release|x86.ActiveCfg = Release|Any CPU
		{AFF289DE-B9E0-4D05-B77D-059A0A7EF395}.Release|x86.Build.0 = Release|Any CPU
		{D63E39D1-C644-4E20-8C94-EDC2544110FC}.Debug|Any CPU.ActiveCfg = Debug|Any CPU
		{D63E39D1-C644-4E20-8C94-EDC2544110FC}.Debug|Any CPU.Build.0 = Debug|Any CPU
		{D63E39D1-C644-4E20-8C94-EDC2544110FC}.Debug|x64.ActiveCfg = Debug|Any CPU
		{D63E39D1-C644-4E20-8C94-EDC2544110FC}.Debug|x64.Build.0 = Debug|Any CPU
		{D63E39D1-C644-4E20-8C94-EDC2544110FC}.Debug|x86.ActiveCfg = Debug|Any CPU
		{D63E39D1-C644-4E20-8C94-EDC2544110FC}.Debug|x86.Build.0 = Debug|Any CPU
		{D63E39D1-C644-4E20-8C94-EDC2544110FC}.Release|Any CPU.ActiveCfg = Release|Any CPU
		{D63E39D1-C644-4E20-8C94-EDC2544110FC}.Release|Any CPU.Build.0 = Release|Any CPU
		{D63E39D1-C644-4E20-8C94-EDC2544110FC}.Release|x64.ActiveCfg = Release|Any CPU
		{D63E39D1-C644-4E20-8C94-EDC2544110FC}.Release|x64.Build.0 = Release|Any CPU
		{D63E39D1-C644-4E20-8C94-EDC2544110FC}.Release|x86.ActiveCfg = Release|Any CPU
		{D63E39D1-C644-4E20-8C94-EDC2544110FC}.Release|x86.Build.0 = Release|Any CPU
		{62702F7D-7294-4FC8-8BFC-30A2A199FCCF}.Debug|Any CPU.ActiveCfg = Debug|Any CPU
		{62702F7D-7294-4FC8-8BFC-30A2A199FCCF}.Debug|Any CPU.Build.0 = Debug|Any CPU
		{62702F7D-7294-4FC8-8BFC-30A2A199FCCF}.Debug|x64.ActiveCfg = Debug|Any CPU
		{62702F7D-7294-4FC8-8BFC-30A2A199FCCF}.Debug|x64.Build.0 = Debug|Any CPU
		{62702F7D-7294-4FC8-8BFC-30A2A199FCCF}.Debug|x86.ActiveCfg = Debug|Any CPU
		{62702F7D-7294-4FC8-8BFC-30A2A199FCCF}.Debug|x86.Build.0 = Debug|Any CPU
		{62702F7D-7294-4FC8-8BFC-30A2A199FCCF}.Release|Any CPU.ActiveCfg = Release|Any CPU
		{62702F7D-7294-4FC8-8BFC-30A2A199FCCF}.Release|Any CPU.Build.0 = Release|Any CPU
		{62702F7D-7294-4FC8-8BFC-30A2A199FCCF}.Release|x64.ActiveCfg = Release|Any CPU
		{62702F7D-7294-4FC8-8BFC-30A2A199FCCF}.Release|x64.Build.0 = Release|Any CPU
		{62702F7D-7294-4FC8-8BFC-30A2A199FCCF}.Release|x86.ActiveCfg = Release|Any CPU
		{62702F7D-7294-4FC8-8BFC-30A2A199FCCF}.Release|x86.Build.0 = Release|Any CPU
	EndGlobalSection
	GlobalSection(NestedProjects) = preSolution
		{9D265654-F8A8-41A1-89B7-127FDD522279} = {0A557B44-C054-4156-9D79-A45D7BE1FF02}
		{467A2874-2A32-4401-868B-0E110E8001AD} = {9D265654-F8A8-41A1-89B7-127FDD522279}
		{BACDF06A-42FD-4DC1-9251-1F005D72486F} = {0A557B44-C054-4156-9D79-A45D7BE1FF02}
		{AFF289DE-B9E0-4D05-B77D-059A0A7EF395} = {C17D6E72-9B2A-4BE9-BDED-2DAA6D9718CD}
		{D63E39D1-C644-4E20-8C94-EDC2544110FC} = {0A557B44-C054-4156-9D79-A45D7BE1FF02}
		{62702F7D-7294-4FC8-8BFC-30A2A199FCCF} = {0A557B44-C054-4156-9D79-A45D7BE1FF02}
	EndGlobalSection
EndGlobal
